// !$*UTF8*$!
{
	archiveVersion = 1;
	classes = {
	};
	objectVersion = 50;
	objects = {

/* Begin PBXBuildFile section */
		39A1AE482601F2C400B5B3BB /* AppDelegate.swift in Sources */ = {isa = PBXBuildFile; fileRef = 39A1AE472601F2C400B5B3BB /* AppDelegate.swift */; };
		39A1AE4A2601F2C400B5B3BB /* SceneDelegate.swift in Sources */ = {isa = PBXBuildFile; fileRef = 39A1AE492601F2C400B5B3BB /* SceneDelegate.swift */; };
		39A1AE512601F2C600B5B3BB /* Assets.xcassets in Resources */ = {isa = PBXBuildFile; fileRef = 39A1AE502601F2C600B5B3BB /* Assets.xcassets */; };
		39A1AE542601F2C600B5B3BB /* LaunchScreen.storyboard in Resources */ = {isa = PBXBuildFile; fileRef = 39A1AE522601F2C600B5B3BB /* LaunchScreen.storyboard */; };
		39A1AE5F2601F2C600B5B3BB /* vesputiTests.swift in Sources */ = {isa = PBXBuildFile; fileRef = 39A1AE5E2601F2C600B5B3BB /* vesputiTests.swift */; };
		39A1AE6A2601F2C600B5B3BB /* vesputiUITests.swift in Sources */ = {isa = PBXBuildFile; fileRef = 39A1AE692601F2C600B5B3BB /* vesputiUITests.swift */; };
		39A1AE8C260229A800B5B3BB /* Mapbox.framework in Frameworks */ = {isa = PBXBuildFile; fileRef = 39A1AE8B260229A800B5B3BB /* Mapbox.framework */; };
		39A1AE8D260229A900B5B3BB /* Mapbox.framework in Embed Frameworks */ = {isa = PBXBuildFile; fileRef = 39A1AE8B260229A800B5B3BB /* Mapbox.framework */; settings = {ATTRIBUTES = (CodeSignOnCopy, RemoveHeadersOnCopy, ); }; };
		39A1AE92260229AD00B5B3BB /* MapboxMobileEvents.framework in Frameworks */ = {isa = PBXBuildFile; fileRef = 39A1AE91260229AD00B5B3BB /* MapboxMobileEvents.framework */; };
		39A1AE93260229AD00B5B3BB /* MapboxMobileEvents.framework in Embed Frameworks */ = {isa = PBXBuildFile; fileRef = 39A1AE91260229AD00B5B3BB /* MapboxMobileEvents.framework */; settings = {ATTRIBUTES = (CodeSignOnCopy, RemoveHeadersOnCopy, ); }; };
		39A1AE9B260230C000B5B3BB /* VIPBase.swift in Sources */ = {isa = PBXBuildFile; fileRef = 39A1AE9A260230C000B5B3BB /* VIPBase.swift */; };
		39A1AEA1260230D200B5B3BB /* VIPAssembly.swift in Sources */ = {isa = PBXBuildFile; fileRef = 39A1AEA0260230D200B5B3BB /* VIPAssembly.swift */; };
		39A1AEAB2602326200B5B3BB /* MapScenePresenter.swift in Sources */ = {isa = PBXBuildFile; fileRef = 39A1AEA62602326200B5B3BB /* MapScenePresenter.swift */; };
		39A1AEAC2602326200B5B3BB /* MapSceneRouter.swift in Sources */ = {isa = PBXBuildFile; fileRef = 39A1AEA72602326200B5B3BB /* MapSceneRouter.swift */; };
		39A1AEAD2602326200B5B3BB /* MapSceneInteractor.swift in Sources */ = {isa = PBXBuildFile; fileRef = 39A1AEA82602326200B5B3BB /* MapSceneInteractor.swift */; };
		39A1AEAE2602326200B5B3BB /* MapSceneViewController.swift in Sources */ = {isa = PBXBuildFile; fileRef = 39A1AEA92602326200B5B3BB /* MapSceneViewController.swift */; };
		39A1AEAF2602326200B5B3BB /* MapSceneView.swift in Sources */ = {isa = PBXBuildFile; fileRef = 39A1AEAA2602326200B5B3BB /* MapSceneView.swift */; };
		39A1AEB82602329600B5B3BB /* SceneFactory.swift in Sources */ = {isa = PBXBuildFile; fileRef = 39A1AEB72602329600B5B3BB /* SceneFactory.swift */; };
		39A1AEBE2602332400B5B3BB /* Application.swift in Sources */ = {isa = PBXBuildFile; fileRef = 39A1AEBD2602332400B5B3BB /* Application.swift */; };
		39A1AEC526023A7700B5B3BB /* API.swift in Sources */ = {isa = PBXBuildFile; fileRef = 39A1AEC426023A7700B5B3BB /* API.swift */; };
		39A1AECC26023AD900B5B3BB /* RequestFactory.swift in Sources */ = {isa = PBXBuildFile; fileRef = 39A1AECB26023AD900B5B3BB /* RequestFactory.swift */; };
		39A1AED5260280FC00B5B3BB /* MapPOI.swift in Sources */ = {isa = PBXBuildFile; fileRef = 39A1AED4260280FC00B5B3BB /* MapPOI.swift */; };
		39A1AEDB260284B800B5B3BB /* Configuration.swift in Sources */ = {isa = PBXBuildFile; fileRef = 39A1AEDA260284B800B5B3BB /* Configuration.swift */; };
/* End PBXBuildFile section */

/* Begin PBXContainerItemProxy section */
		39A1AE5B2601F2C600B5B3BB /* PBXContainerItemProxy */ = {
			isa = PBXContainerItemProxy;
			containerPortal = 39A1AE3C2601F2C400B5B3BB /* Project object */;
			proxyType = 1;
			remoteGlobalIDString = 39A1AE432601F2C400B5B3BB;
			remoteInfo = vesputi;
		};
		39A1AE662601F2C600B5B3BB /* PBXContainerItemProxy */ = {
			isa = PBXContainerItemProxy;
			containerPortal = 39A1AE3C2601F2C400B5B3BB /* Project object */;
			proxyType = 1;
			remoteGlobalIDString = 39A1AE432601F2C400B5B3BB;
			remoteInfo = vesputi;
		};
/* End PBXContainerItemProxy section */

/* Begin PBXCopyFilesBuildPhase section */
		39A1AE8E260229A900B5B3BB /* Embed Frameworks */ = {
			isa = PBXCopyFilesBuildPhase;
			buildActionMask = 2147483647;
			dstPath = "";
			dstSubfolderSpec = 10;
			files = (
				39A1AE93260229AD00B5B3BB /* MapboxMobileEvents.framework in Embed Frameworks */,
				39A1AE8D260229A900B5B3BB /* Mapbox.framework in Embed Frameworks */,
			);
			name = "Embed Frameworks";
			runOnlyForDeploymentPostprocessing = 0;
		};
/* End PBXCopyFilesBuildPhase section */

/* Begin PBXFileReference section */
		39A1AE442601F2C400B5B3BB /* vesputi.app */ = {isa = PBXFileReference; explicitFileType = wrapper.application; includeInIndex = 0; path = vesputi.app; sourceTree = BUILT_PRODUCTS_DIR; };
		39A1AE472601F2C400B5B3BB /* AppDelegate.swift */ = {isa = PBXFileReference; lastKnownFileType = sourcecode.swift; path = AppDelegate.swift; sourceTree = "<group>"; };
		39A1AE492601F2C400B5B3BB /* SceneDelegate.swift */ = {isa = PBXFileReference; lastKnownFileType = sourcecode.swift; path = SceneDelegate.swift; sourceTree = "<group>"; };
		39A1AE502601F2C600B5B3BB /* Assets.xcassets */ = {isa = PBXFileReference; lastKnownFileType = folder.assetcatalog; path = Assets.xcassets; sourceTree = "<group>"; };
		39A1AE532601F2C600B5B3BB /* Base */ = {isa = PBXFileReference; lastKnownFileType = file.storyboard; name = Base; path = Base.lproj/LaunchScreen.storyboard; sourceTree = "<group>"; };
		39A1AE552601F2C600B5B3BB /* Info.plist */ = {isa = PBXFileReference; lastKnownFileType = text.plist.xml; path = Info.plist; sourceTree = "<group>"; };
		39A1AE5A2601F2C600B5B3BB /* vesputiTests.xctest */ = {isa = PBXFileReference; explicitFileType = wrapper.cfbundle; includeInIndex = 0; path = vesputiTests.xctest; sourceTree = BUILT_PRODUCTS_DIR; };
		39A1AE5E2601F2C600B5B3BB /* vesputiTests.swift */ = {isa = PBXFileReference; lastKnownFileType = sourcecode.swift; path = vesputiTests.swift; sourceTree = "<group>"; };
		39A1AE602601F2C600B5B3BB /* Info.plist */ = {isa = PBXFileReference; lastKnownFileType = text.plist.xml; path = Info.plist; sourceTree = "<group>"; };
		39A1AE652601F2C600B5B3BB /* vesputiUITests.xctest */ = {isa = PBXFileReference; explicitFileType = wrapper.cfbundle; includeInIndex = 0; path = vesputiUITests.xctest; sourceTree = BUILT_PRODUCTS_DIR; };
		39A1AE692601F2C600B5B3BB /* vesputiUITests.swift */ = {isa = PBXFileReference; lastKnownFileType = sourcecode.swift; path = vesputiUITests.swift; sourceTree = "<group>"; };
		39A1AE6B2601F2C600B5B3BB /* Info.plist */ = {isa = PBXFileReference; lastKnownFileType = text.plist.xml; path = Info.plist; sourceTree = "<group>"; };
		39A1AE8B260229A800B5B3BB /* Mapbox.framework */ = {isa = PBXFileReference; lastKnownFileType = wrapper.framework; name = Mapbox.framework; path = Carthage/Build/iOS/Mapbox.framework; sourceTree = "<group>"; };
		39A1AE91260229AD00B5B3BB /* MapboxMobileEvents.framework */ = {isa = PBXFileReference; lastKnownFileType = wrapper.framework; name = MapboxMobileEvents.framework; path = Carthage/Build/iOS/MapboxMobileEvents.framework; sourceTree = "<group>"; };
		39A1AE9A260230C000B5B3BB /* VIPBase.swift */ = {isa = PBXFileReference; lastKnownFileType = sourcecode.swift; path = VIPBase.swift; sourceTree = "<group>"; };
		39A1AEA0260230D200B5B3BB /* VIPAssembly.swift */ = {isa = PBXFileReference; lastKnownFileType = sourcecode.swift; path = VIPAssembly.swift; sourceTree = "<group>"; };
		39A1AEA62602326200B5B3BB /* MapScenePresenter.swift */ = {isa = PBXFileReference; lastKnownFileType = sourcecode.swift; path = MapScenePresenter.swift; sourceTree = "<group>"; };
		39A1AEA72602326200B5B3BB /* MapSceneRouter.swift */ = {isa = PBXFileReference; lastKnownFileType = sourcecode.swift; path = MapSceneRouter.swift; sourceTree = "<group>"; };
		39A1AEA82602326200B5B3BB /* MapSceneInteractor.swift */ = {isa = PBXFileReference; lastKnownFileType = sourcecode.swift; path = MapSceneInteractor.swift; sourceTree = "<group>"; };
		39A1AEA92602326200B5B3BB /* MapSceneViewController.swift */ = {isa = PBXFileReference; lastKnownFileType = sourcecode.swift; path = MapSceneViewController.swift; sourceTree = "<group>"; };
		39A1AEAA2602326200B5B3BB /* MapSceneView.swift */ = {isa = PBXFileReference; lastKnownFileType = sourcecode.swift; path = MapSceneView.swift; sourceTree = "<group>"; };
		39A1AEB72602329600B5B3BB /* SceneFactory.swift */ = {isa = PBXFileReference; lastKnownFileType = sourcecode.swift; path = SceneFactory.swift; sourceTree = "<group>"; };
		39A1AEBD2602332400B5B3BB /* Application.swift */ = {isa = PBXFileReference; lastKnownFileType = sourcecode.swift; path = Application.swift; sourceTree = "<group>"; };
		39A1AEC426023A7700B5B3BB /* API.swift */ = {isa = PBXFileReference; lastKnownFileType = sourcecode.swift; path = API.swift; sourceTree = "<group>"; };
		39A1AECB26023AD900B5B3BB /* RequestFactory.swift */ = {isa = PBXFileReference; lastKnownFileType = sourcecode.swift; path = RequestFactory.swift; sourceTree = "<group>"; };
		39A1AED4260280FC00B5B3BB /* MapPOI.swift */ = {isa = PBXFileReference; lastKnownFileType = sourcecode.swift; path = MapPOI.swift; sourceTree = "<group>"; };
		39A1AEDA260284B800B5B3BB /* Configuration.swift */ = {isa = PBXFileReference; lastKnownFileType = sourcecode.swift; path = Configuration.swift; sourceTree = "<group>"; };
/* End PBXFileReference section */

/* Begin PBXFrameworksBuildPhase section */
		39A1AE412601F2C400B5B3BB /* Frameworks */ = {
			isa = PBXFrameworksBuildPhase;
			buildActionMask = 2147483647;
			files = (
				39A1AE92260229AD00B5B3BB /* MapboxMobileEvents.framework in Frameworks */,
				39A1AE8C260229A800B5B3BB /* Mapbox.framework in Frameworks */,
			);
			runOnlyForDeploymentPostprocessing = 0;
		};
		39A1AE572601F2C600B5B3BB /* Frameworks */ = {
			isa = PBXFrameworksBuildPhase;
			buildActionMask = 2147483647;
			files = (
			);
			runOnlyForDeploymentPostprocessing = 0;
		};
		39A1AE622601F2C600B5B3BB /* Frameworks */ = {
			isa = PBXFrameworksBuildPhase;
			buildActionMask = 2147483647;
			files = (
			);
			runOnlyForDeploymentPostprocessing = 0;
		};
/* End PBXFrameworksBuildPhase section */

/* Begin PBXGroup section */
		39A1AE3B2601F2C400B5B3BB = {
			isa = PBXGroup;
			children = (
				39A1AE462601F2C400B5B3BB /* vesputi */,
				39A1AE5D2601F2C600B5B3BB /* vesputiTests */,
				39A1AE682601F2C600B5B3BB /* vesputiUITests */,
				39A1AE452601F2C400B5B3BB /* Products */,
				39A1AE8A260229A800B5B3BB /* Frameworks */,
			);
			sourceTree = "<group>";
		};
		39A1AE452601F2C400B5B3BB /* Products */ = {
			isa = PBXGroup;
			children = (
				39A1AE442601F2C400B5B3BB /* vesputi.app */,
				39A1AE5A2601F2C600B5B3BB /* vesputiTests.xctest */,
				39A1AE652601F2C600B5B3BB /* vesputiUITests.xctest */,
			);
			name = Products;
			sourceTree = "<group>";
		};
		39A1AE462601F2C400B5B3BB /* vesputi */ = {
			isa = PBXGroup;
			children = (
				39A1AE7A2601F32100B5B3BB /* Code */,
				39A1AE502601F2C600B5B3BB /* Assets.xcassets */,
				39A1AE522601F2C600B5B3BB /* LaunchScreen.storyboard */,
				39A1AE552601F2C600B5B3BB /* Info.plist */,
			);
			path = vesputi;
			sourceTree = "<group>";
		};
		39A1AE5D2601F2C600B5B3BB /* vesputiTests */ = {
			isa = PBXGroup;
			children = (
				39A1AE5E2601F2C600B5B3BB /* vesputiTests.swift */,
				39A1AE602601F2C600B5B3BB /* Info.plist */,
			);
			path = vesputiTests;
			sourceTree = "<group>";
		};
		39A1AE682601F2C600B5B3BB /* vesputiUITests */ = {
			isa = PBXGroup;
			children = (
				39A1AE692601F2C600B5B3BB /* vesputiUITests.swift */,
				39A1AE6B2601F2C600B5B3BB /* Info.plist */,
			);
			path = vesputiUITests;
			sourceTree = "<group>";
		};
		39A1AE7A2601F32100B5B3BB /* Code */ = {
			isa = PBXGroup;
			children = (
				39A1AEC32602367A00B5B3BB /* API */,
				39A1AEA42602311F00B5B3BB /* Scenes */,
				39A1AE982602302A00B5B3BB /* Utils */,
				39A1AE492601F2C400B5B3BB /* SceneDelegate.swift */,
				39A1AE472601F2C400B5B3BB /* AppDelegate.swift */,
			);
			path = Code;
			sourceTree = "<group>";
		};
		39A1AE8A260229A800B5B3BB /* Frameworks */ = {
			isa = PBXGroup;
			children = (
				39A1AE91260229AD00B5B3BB /* MapboxMobileEvents.framework */,
				39A1AE8B260229A800B5B3BB /* Mapbox.framework */,
			);
			name = Frameworks;
			sourceTree = "<group>";
		};
		39A1AE982602302A00B5B3BB /* Utils */ = {
			isa = PBXGroup;
			children = (
				39A1AE992602304D00B5B3BB /* VIP */,
				39A1AEBD2602332400B5B3BB /* Application.swift */,
				39A1AEDA260284B800B5B3BB /* Configuration.swift */,
			);
			path = Utils;
			sourceTree = "<group>";
		};
		39A1AE992602304D00B5B3BB /* VIP */ = {
			isa = PBXGroup;
			children = (
				39A1AE9A260230C000B5B3BB /* VIPBase.swift */,
				39A1AEA0260230D200B5B3BB /* VIPAssembly.swift */,
			);
			path = VIP;
			sourceTree = "<group>";
		};
		39A1AEA42602311F00B5B3BB /* Scenes */ = {
			isa = PBXGroup;
			children = (
				39A1AEA52602312C00B5B3BB /* MapScene */,
				39A1AEB72602329600B5B3BB /* SceneFactory.swift */,
			);
			path = Scenes;
			sourceTree = "<group>";
		};
		39A1AEA52602312C00B5B3BB /* MapScene */ = {
			isa = PBXGroup;
			children = (
				39A1AEB42602326500B5B3BB /* Utils */,
				39A1AEA62602326200B5B3BB /* MapScenePresenter.swift */,
				39A1AEA72602326200B5B3BB /* MapSceneRouter.swift */,
				39A1AEA82602326200B5B3BB /* MapSceneInteractor.swift */,
				39A1AEA92602326200B5B3BB /* MapSceneViewController.swift */,
			);
			path = MapScene;
			sourceTree = "<group>";
		};
		39A1AEB42602326500B5B3BB /* Utils */ = {
			isa = PBXGroup;
			children = (
				39A1AEAA2602326200B5B3BB /* MapSceneView.swift */,
			);
			path = Utils;
			sourceTree = "<group>";
		};
		39A1AEC32602367A00B5B3BB /* API */ = {
			isa = PBXGroup;
			children = (
				39A1AED32602806F00B5B3BB /* Models */,
				39A1AECA26023AAB00B5B3BB /* Utils */,
				39A1AEC426023A7700B5B3BB /* API.swift */,
			);
			path = API;
			sourceTree = "<group>";
		};
		39A1AECA26023AAB00B5B3BB /* Utils */ = {
			isa = PBXGroup;
			children = (
				39A1AECB26023AD900B5B3BB /* RequestFactory.swift */,
			);
			path = Utils;
			sourceTree = "<group>";
		};
		39A1AED32602806F00B5B3BB /* Models */ = {
			isa = PBXGroup;
			children = (
				39A1AED4260280FC00B5B3BB /* MapPOI.swift */,
			);
			path = Models;
			sourceTree = "<group>";
		};
/* End PBXGroup section */

/* Begin PBXNativeTarget section */
		39A1AE432601F2C400B5B3BB /* vesputi */ = {
			isa = PBXNativeTarget;
			buildConfigurationList = 39A1AE6E2601F2C600B5B3BB /* Build configuration list for PBXNativeTarget "vesputi" */;
			buildPhases = (
				39A1AE402601F2C400B5B3BB /* Sources */,
				39A1AE412601F2C400B5B3BB /* Frameworks */,
				39A1AE422601F2C400B5B3BB /* Resources */,
				39A1AE8E260229A900B5B3BB /* Embed Frameworks */,
			);
			buildRules = (
			);
			dependencies = (
			);
			name = vesputi;
			productName = vesputi;
			productReference = 39A1AE442601F2C400B5B3BB /* vesputi.app */;
			productType = "com.apple.product-type.application";
		};
		39A1AE592601F2C600B5B3BB /* vesputiTests */ = {
			isa = PBXNativeTarget;
			buildConfigurationList = 39A1AE712601F2C600B5B3BB /* Build configuration list for PBXNativeTarget "vesputiTests" */;
			buildPhases = (
				39A1AE562601F2C600B5B3BB /* Sources */,
				39A1AE572601F2C600B5B3BB /* Frameworks */,
				39A1AE582601F2C600B5B3BB /* Resources */,
			);
			buildRules = (
			);
			dependencies = (
				39A1AE5C2601F2C600B5B3BB /* PBXTargetDependency */,
			);
			name = vesputiTests;
			productName = vesputiTests;
			productReference = 39A1AE5A2601F2C600B5B3BB /* vesputiTests.xctest */;
			productType = "com.apple.product-type.bundle.unit-test";
		};
		39A1AE642601F2C600B5B3BB /* vesputiUITests */ = {
			isa = PBXNativeTarget;
			buildConfigurationList = 39A1AE742601F2C600B5B3BB /* Build configuration list for PBXNativeTarget "vesputiUITests" */;
			buildPhases = (
				39A1AE612601F2C600B5B3BB /* Sources */,
				39A1AE622601F2C600B5B3BB /* Frameworks */,
				39A1AE632601F2C600B5B3BB /* Resources */,
			);
			buildRules = (
			);
			dependencies = (
				39A1AE672601F2C600B5B3BB /* PBXTargetDependency */,
			);
			name = vesputiUITests;
			productName = vesputiUITests;
			productReference = 39A1AE652601F2C600B5B3BB /* vesputiUITests.xctest */;
			productType = "com.apple.product-type.bundle.ui-testing";
		};
/* End PBXNativeTarget section */

/* Begin PBXProject section */
		39A1AE3C2601F2C400B5B3BB /* Project object */ = {
			isa = PBXProject;
			attributes = {
				LastSwiftUpdateCheck = 1240;
				LastUpgradeCheck = 1240;
				TargetAttributes = {
					39A1AE432601F2C400B5B3BB = {
						CreatedOnToolsVersion = 12.4;
					};
					39A1AE592601F2C600B5B3BB = {
						CreatedOnToolsVersion = 12.4;
						TestTargetID = 39A1AE432601F2C400B5B3BB;
					};
					39A1AE642601F2C600B5B3BB = {
						CreatedOnToolsVersion = 12.4;
						TestTargetID = 39A1AE432601F2C400B5B3BB;
					};
				};
			};
			buildConfigurationList = 39A1AE3F2601F2C400B5B3BB /* Build configuration list for PBXProject "vesputi" */;
			compatibilityVersion = "Xcode 9.3";
			developmentRegion = en;
			hasScannedForEncodings = 0;
			knownRegions = (
				en,
				Base,
			);
			mainGroup = 39A1AE3B2601F2C400B5B3BB;
			productRefGroup = 39A1AE452601F2C400B5B3BB /* Products */;
			projectDirPath = "";
			projectRoot = "";
			targets = (
				39A1AE432601F2C400B5B3BB /* vesputi */,
				39A1AE592601F2C600B5B3BB /* vesputiTests */,
				39A1AE642601F2C600B5B3BB /* vesputiUITests */,
			);
		};
/* End PBXProject section */

/* Begin PBXResourcesBuildPhase section */
		39A1AE422601F2C400B5B3BB /* Resources */ = {
			isa = PBXResourcesBuildPhase;
			buildActionMask = 2147483647;
			files = (
				39A1AE542601F2C600B5B3BB /* LaunchScreen.storyboard in Resources */,
				39A1AE512601F2C600B5B3BB /* Assets.xcassets in Resources */,
			);
			runOnlyForDeploymentPostprocessing = 0;
		};
		39A1AE582601F2C600B5B3BB /* Resources */ = {
			isa = PBXResourcesBuildPhase;
			buildActionMask = 2147483647;
			files = (
			);
			runOnlyForDeploymentPostprocessing = 0;
		};
		39A1AE632601F2C600B5B3BB /* Resources */ = {
			isa = PBXResourcesBuildPhase;
			buildActionMask = 2147483647;
			files = (
			);
			runOnlyForDeploymentPostprocessing = 0;
		};
/* End PBXResourcesBuildPhase section */

/* Begin PBXSourcesBuildPhase section */
		39A1AE402601F2C400B5B3BB /* Sources */ = {
			isa = PBXSourcesBuildPhase;
			buildActionMask = 2147483647;
			files = (
				39A1AEBE2602332400B5B3BB /* Application.swift in Sources */,
				39A1AEAB2602326200B5B3BB /* MapScenePresenter.swift in Sources */,
				39A1AEB82602329600B5B3BB /* SceneFactory.swift in Sources */,
				39A1AEAD2602326200B5B3BB /* MapSceneInteractor.swift in Sources */,
				39A1AEAE2602326200B5B3BB /* MapSceneViewController.swift in Sources */,
				39A1AED5260280FC00B5B3BB /* MapPOI.swift in Sources */,
				39A1AEDB260284B800B5B3BB /* Configuration.swift in Sources */,
				39A1AEAF2602326200B5B3BB /* MapSceneView.swift in Sources */,
				39A1AECC26023AD900B5B3BB /* RequestFactory.swift in Sources */,
				39A1AE482601F2C400B5B3BB /* AppDelegate.swift in Sources */,
				39A1AE9B260230C000B5B3BB /* VIPBase.swift in Sources */,
				39A1AE4A2601F2C400B5B3BB /* SceneDelegate.swift in Sources */,
				39A1AEAC2602326200B5B3BB /* MapSceneRouter.swift in Sources */,
				39A1AEC526023A7700B5B3BB /* API.swift in Sources */,
				39A1AEA1260230D200B5B3BB /* VIPAssembly.swift in Sources */,
			);
			runOnlyForDeploymentPostprocessing = 0;
		};
		39A1AE562601F2C600B5B3BB /* Sources */ = {
			isa = PBXSourcesBuildPhase;
			buildActionMask = 2147483647;
			files = (
				39A1AE5F2601F2C600B5B3BB /* vesputiTests.swift in Sources */,
			);
			runOnlyForDeploymentPostprocessing = 0;
		};
		39A1AE612601F2C600B5B3BB /* Sources */ = {
			isa = PBXSourcesBuildPhase;
			buildActionMask = 2147483647;
			files = (
				39A1AE6A2601F2C600B5B3BB /* vesputiUITests.swift in Sources */,
			);
			runOnlyForDeploymentPostprocessing = 0;
		};
/* End PBXSourcesBuildPhase section */

/* Begin PBXTargetDependency section */
		39A1AE5C2601F2C600B5B3BB /* PBXTargetDependency */ = {
			isa = PBXTargetDependency;
			target = 39A1AE432601F2C400B5B3BB /* vesputi */;
			targetProxy = 39A1AE5B2601F2C600B5B3BB /* PBXContainerItemProxy */;
		};
		39A1AE672601F2C600B5B3BB /* PBXTargetDependency */ = {
			isa = PBXTargetDependency;
			target = 39A1AE432601F2C400B5B3BB /* vesputi */;
			targetProxy = 39A1AE662601F2C600B5B3BB /* PBXContainerItemProxy */;
		};
/* End PBXTargetDependency section */

/* Begin PBXVariantGroup section */
		39A1AE522601F2C600B5B3BB /* LaunchScreen.storyboard */ = {
			isa = PBXVariantGroup;
			children = (
				39A1AE532601F2C600B5B3BB /* Base */,
			);
			name = LaunchScreen.storyboard;
			sourceTree = "<group>";
		};
/* End PBXVariantGroup section */

/* Begin XCBuildConfiguration section */
		39A1AE6C2601F2C600B5B3BB /* Debug */ = {
			isa = XCBuildConfiguration;
			buildSettings = {
				ALWAYS_SEARCH_USER_PATHS = NO;
				CLANG_ANALYZER_NONNULL = YES;
				CLANG_ANALYZER_NUMBER_OBJECT_CONVERSION = YES_AGGRESSIVE;
				CLANG_CXX_LANGUAGE_STANDARD = "gnu++14";
				CLANG_CXX_LIBRARY = "libc++";
				CLANG_ENABLE_MODULES = YES;
				CLANG_ENABLE_OBJC_ARC = YES;
				CLANG_ENABLE_OBJC_WEAK = YES;
				CLANG_WARN_BLOCK_CAPTURE_AUTORELEASING = YES;
				CLANG_WARN_BOOL_CONVERSION = YES;
				CLANG_WARN_COMMA = YES;
				CLANG_WARN_CONSTANT_CONVERSION = YES;
				CLANG_WARN_DEPRECATED_OBJC_IMPLEMENTATIONS = YES;
				CLANG_WARN_DIRECT_OBJC_ISA_USAGE = YES_ERROR;
				CLANG_WARN_DOCUMENTATION_COMMENTS = YES;
				CLANG_WARN_EMPTY_BODY = YES;
				CLANG_WARN_ENUM_CONVERSION = YES;
				CLANG_WARN_INFINITE_RECURSION = YES;
				CLANG_WARN_INT_CONVERSION = YES;
				CLANG_WARN_NON_LITERAL_NULL_CONVERSION = YES;
				CLANG_WARN_OBJC_IMPLICIT_RETAIN_SELF = YES;
				CLANG_WARN_OBJC_LITERAL_CONVERSION = YES;
				CLANG_WARN_OBJC_ROOT_CLASS = YES_ERROR;
				CLANG_WARN_QUOTED_INCLUDE_IN_FRAMEWORK_HEADER = YES;
				CLANG_WARN_RANGE_LOOP_ANALYSIS = YES;
				CLANG_WARN_STRICT_PROTOTYPES = YES;
				CLANG_WARN_SUSPICIOUS_MOVE = YES;
				CLANG_WARN_UNGUARDED_AVAILABILITY = YES_AGGRESSIVE;
				CLANG_WARN_UNREACHABLE_CODE = YES;
				CLANG_WARN__DUPLICATE_METHOD_MATCH = YES;
				COPY_PHASE_STRIP = NO;
				DEBUG_INFORMATION_FORMAT = dwarf;
				ENABLE_STRICT_OBJC_MSGSEND = YES;
				ENABLE_TESTABILITY = YES;
				GCC_C_LANGUAGE_STANDARD = gnu11;
				GCC_DYNAMIC_NO_PIC = NO;
				GCC_NO_COMMON_BLOCKS = YES;
				GCC_OPTIMIZATION_LEVEL = 0;
				GCC_PREPROCESSOR_DEFINITIONS = (
					"DEBUG=1",
					"$(inherited)",
				);
				GCC_WARN_64_TO_32_BIT_CONVERSION = YES;
				GCC_WARN_ABOUT_RETURN_TYPE = YES_ERROR;
				GCC_WARN_UNDECLARED_SELECTOR = YES;
				GCC_WARN_UNINITIALIZED_AUTOS = YES_AGGRESSIVE;
				GCC_WARN_UNUSED_FUNCTION = YES;
				GCC_WARN_UNUSED_VARIABLE = YES;
				IPHONEOS_DEPLOYMENT_TARGET = 13.0;
				MTL_ENABLE_DEBUG_INFO = INCLUDE_SOURCE;
				MTL_FAST_MATH = YES;
				ONLY_ACTIVE_ARCH = YES;
				SDKROOT = iphoneos;
				SWIFT_ACTIVE_COMPILATION_CONDITIONS = DEBUG;
				SWIFT_OPTIMIZATION_LEVEL = "-Onone";
			};
			name = Debug;
		};
		39A1AE6D2601F2C600B5B3BB /* Release */ = {
			isa = XCBuildConfiguration;
			buildSettings = {
				ALWAYS_SEARCH_USER_PATHS = NO;
				CLANG_ANALYZER_NONNULL = YES;
				CLANG_ANALYZER_NUMBER_OBJECT_CONVERSION = YES_AGGRESSIVE;
				CLANG_CXX_LANGUAGE_STANDARD = "gnu++14";
				CLANG_CXX_LIBRARY = "libc++";
				CLANG_ENABLE_MODULES = YES;
				CLANG_ENABLE_OBJC_ARC = YES;
				CLANG_ENABLE_OBJC_WEAK = YES;
				CLANG_WARN_BLOCK_CAPTURE_AUTORELEASING = YES;
				CLANG_WARN_BOOL_CONVERSION = YES;
				CLANG_WARN_COMMA = YES;
				CLANG_WARN_CONSTANT_CONVERSION = YES;
				CLANG_WARN_DEPRECATED_OBJC_IMPLEMENTATIONS = YES;
				CLANG_WARN_DIRECT_OBJC_ISA_USAGE = YES_ERROR;
				CLANG_WARN_DOCUMENTATION_COMMENTS = YES;
				CLANG_WARN_EMPTY_BODY = YES;
				CLANG_WARN_ENUM_CONVERSION = YES;
				CLANG_WARN_INFINITE_RECURSION = YES;
				CLANG_WARN_INT_CONVERSION = YES;
				CLANG_WARN_NON_LITERAL_NULL_CONVERSION = YES;
				CLANG_WARN_OBJC_IMPLICIT_RETAIN_SELF = YES;
				CLANG_WARN_OBJC_LITERAL_CONVERSION = YES;
				CLANG_WARN_OBJC_ROOT_CLASS = YES_ERROR;
				CLANG_WARN_QUOTED_INCLUDE_IN_FRAMEWORK_HEADER = YES;
				CLANG_WARN_RANGE_LOOP_ANALYSIS = YES;
				CLANG_WARN_STRICT_PROTOTYPES = YES;
				CLANG_WARN_SUSPICIOUS_MOVE = YES;
				CLANG_WARN_UNGUARDED_AVAILABILITY = YES_AGGRESSIVE;
				CLANG_WARN_UNREACHABLE_CODE = YES;
				CLANG_WARN__DUPLICATE_METHOD_MATCH = YES;
				COPY_PHASE_STRIP = NO;
				DEBUG_INFORMATION_FORMAT = "dwarf-with-dsym";
				ENABLE_NS_ASSERTIONS = NO;
				ENABLE_STRICT_OBJC_MSGSEND = YES;
				GCC_C_LANGUAGE_STANDARD = gnu11;
				GCC_NO_COMMON_BLOCKS = YES;
				GCC_WARN_64_TO_32_BIT_CONVERSION = YES;
				GCC_WARN_ABOUT_RETURN_TYPE = YES_ERROR;
				GCC_WARN_UNDECLARED_SELECTOR = YES;
				GCC_WARN_UNINITIALIZED_AUTOS = YES_AGGRESSIVE;
				GCC_WARN_UNUSED_FUNCTION = YES;
				GCC_WARN_UNUSED_VARIABLE = YES;
				IPHONEOS_DEPLOYMENT_TARGET = 13.0;
				MTL_ENABLE_DEBUG_INFO = NO;
				MTL_FAST_MATH = YES;
				SDKROOT = iphoneos;
				SWIFT_COMPILATION_MODE = wholemodule;
				SWIFT_OPTIMIZATION_LEVEL = "-O";
				VALIDATE_PRODUCT = YES;
			};
			name = Release;
		};
		39A1AE6F2601F2C600B5B3BB /* Debug */ = {
			isa = XCBuildConfiguration;
			buildSettings = {
				ASSETCATALOG_COMPILER_APPICON_NAME = AppIcon;
				ASSETCATALOG_COMPILER_GLOBAL_ACCENT_COLOR_NAME = AccentColor;
				CODE_SIGN_STYLE = Automatic;
				FRAMEWORK_SEARCH_PATHS = (
					"$(inherited)",
					"$(PROJECT_DIR)/Carthage/Build/iOS",
				);
				INFOPLIST_FILE = vesputi/Info.plist;
				IPHONEOS_DEPLOYMENT_TARGET = 13.0;
				LD_RUNPATH_SEARCH_PATHS = (
					"$(inherited)",
					"@executable_path/Frameworks",
				);
				PRODUCT_BUNDLE_IDENTIFIER = com.vesputi.vesputi;
				PRODUCT_NAME = "$(TARGET_NAME)";
				SWIFT_VERSION = 5.0;
				TARGETED_DEVICE_FAMILY = "1,2";
				VALIDATE_WORKSPACE = YES;
			};
			name = Debug;
		};
		39A1AE702601F2C600B5B3BB /* Release */ = {
			isa = XCBuildConfiguration;
			buildSettings = {
				ASSETCATALOG_COMPILER_APPICON_NAME = AppIcon;
				ASSETCATALOG_COMPILER_GLOBAL_ACCENT_COLOR_NAME = AccentColor;
				CODE_SIGN_STYLE = Automatic;
				FRAMEWORK_SEARCH_PATHS = (
					"$(inherited)",
					"$(PROJECT_DIR)/Carthage/Build/iOS",
				);
				INFOPLIST_FILE = vesputi/Info.plist;
				IPHONEOS_DEPLOYMENT_TARGET = 13.0;
				LD_RUNPATH_SEARCH_PATHS = (
					"$(inherited)",
					"@executable_path/Frameworks",
				);
				PRODUCT_BUNDLE_IDENTIFIER = com.vesputi.vesputi;
				PRODUCT_NAME = "$(TARGET_NAME)";
				SWIFT_VERSION = 5.0;
				TARGETED_DEVICE_FAMILY = "1,2";
				VALIDATE_WORKSPACE = YES;
			};
			name = Release;
		};
		39A1AE722601F2C600B5B3BB /* Debug */ = {
			isa = XCBuildConfiguration;
			buildSettings = {
				ALWAYS_EMBED_SWIFT_STANDARD_LIBRARIES = YES;
				BUNDLE_LOADER = "$(TEST_HOST)";
				CODE_SIGN_STYLE = Automatic;
				INFOPLIST_FILE = vesputiTests/Info.plist;
				IPHONEOS_DEPLOYMENT_TARGET = 14.4;
				LD_RUNPATH_SEARCH_PATHS = (
					"$(inherited)",
					"@executable_path/Frameworks",
					"@loader_path/Frameworks",
				);
				PRODUCT_BUNDLE_IDENTIFIER = com.vesputi.vesputiTests;
				PRODUCT_NAME = "$(TARGET_NAME)";
				SWIFT_VERSION = 5.0;
				TARGETED_DEVICE_FAMILY = "1,2";
				TEST_HOST = "$(BUILT_PRODUCTS_DIR)/vesputi.app/vesputi";
			};
			name = Debug;
		};
		39A1AE732601F2C600B5B3BB /* Release */ = {
			isa = XCBuildConfiguration;
			buildSettings = {
				ALWAYS_EMBED_SWIFT_STANDARD_LIBRARIES = YES;
				BUNDLE_LOADER = "$(TEST_HOST)";
				CODE_SIGN_STYLE = Automatic;
				INFOPLIST_FILE = vesputiTests/Info.plist;
				IPHONEOS_DEPLOYMENT_TARGET = 14.4;
				LD_RUNPATH_SEARCH_PATHS = (
					"$(inherited)",
					"@executable_path/Frameworks",
					"@loader_path/Frameworks",
				);
				PRODUCT_BUNDLE_IDENTIFIER = com.vesputi.vesputiTests;
				PRODUCT_NAME = "$(TARGET_NAME)";
				SWIFT_VERSION = 5.0;
				TARGETED_DEVICE_FAMILY = "1,2";
				TEST_HOST = "$(BUILT_PRODUCTS_DIR)/vesputi.app/vesputi";
			};
			name = Release;
		};
		39A1AE752601F2C600B5B3BB /* Debug */ = {
			isa = XCBuildConfiguration;
			buildSettings = {
				ALWAYS_EMBED_SWIFT_STANDARD_LIBRARIES = YES;
				CODE_SIGN_STYLE = Automatic;
				INFOPLIST_FILE = vesputiUITests/Info.plist;
				LD_RUNPATH_SEARCH_PATHS = (
					"$(inherited)",
					"@executable_path/Frameworks",
					"@loader_path/Frameworks",
				);
				PRODUCT_BUNDLE_IDENTIFIER = com.vesputi.vesputiUITests;
				PRODUCT_NAME = "$(TARGET_NAME)";
				SWIFT_VERSION = 5.0;
				TARGETED_DEVICE_FAMILY = "1,2";
				TEST_TARGET_NAME = vesputi;
			};
			name = Debug;
		};
		39A1AE762601F2C600B5B3BB /* Release */ = {
			isa = XCBuildConfiguration;
			buildSettings = {
				ALWAYS_EMBED_SWIFT_STANDARD_LIBRARIES = YES;
				CODE_SIGN_STYLE = Automatic;
				INFOPLIST_FILE = vesputiUITests/Info.plist;
				LD_RUNPATH_SEARCH_PATHS = (
					"$(inherited)",
					"@executable_path/Frameworks",
					"@loader_path/Frameworks",
				);
				PRODUCT_BUNDLE_IDENTIFIER = com.vesputi.vesputiUITests;
				PRODUCT_NAME = "$(TARGET_NAME)";
				SWIFT_VERSION = 5.0;
				TARGETED_DEVICE_FAMILY = "1,2";
				TEST_TARGET_NAME = vesputi;
			};
			name = Release;
		};
/* End XCBuildConfiguration section */

/* Begin XCConfigurationList section */
		39A1AE3F2601F2C400B5B3BB /* Build configuration list for PBXProject "vesputi" */ = {
			isa = XCConfigurationList;
			buildConfigurations = (
				39A1AE6C2601F2C600B5B3BB /* Debug */,
				39A1AE6D2601F2C600B5B3BB /* Release */,
			);
			defaultConfigurationIsVisible = 0;
			defaultConfigurationName = Release;
		};
		39A1AE6E2601F2C600B5B3BB /* Build configuration list for PBXNativeTarget "vesputi" */ = {
			isa = XCConfigurationList;
			buildConfigurations = (
				39A1AE6F2601F2C600B5B3BB /* Debug */,
				39A1AE702601F2C600B5B3BB /* Release */,
			);
			defaultConfigurationIsVisible = 0;
			defaultConfigurationName = Release;
		};
		39A1AE712601F2C600B5B3BB /* Build configuration list for PBXNativeTarget "vesputiTests" */ = {
			isa = XCConfigurationList;
			buildConfigurations = (
				39A1AE722601F2C600B5B3BB /* Debug */,
				39A1AE732601F2C600B5B3BB /* Release */,
			);
			defaultConfigurationIsVisible = 0;
			defaultConfigurationName = Release;
		};
		39A1AE742601F2C600B5B3BB /* Build configuration list for PBXNativeTarget "vesputiUITests" */ = {
			isa = XCConfigurationList;
			buildConfigurations = (
				39A1AE752601F2C600B5B3BB /* Debug */,
				39A1AE762601F2C600B5B3BB /* Release */,
			);
			defaultConfigurationIsVisible = 0;
			defaultConfigurationName = Release;
		};
/* End XCConfigurationList section */
	};
	rootObject = 39A1AE3C2601F2C400B5B3BB /* Project object */;
}
